{
  "name": "medooze-media-server",
  "version": "0.10.1",
  "lockfileVersion": 1,
  "requires": true,
  "dependencies": {
    "lfsr": {
      "version": "https://registry.npmjs.org/lfsr/-/lfsr-0.0.3.tgz",
      "integrity": "sha1-ptCYhfVtLzDmR09z1uarKrh36oY="
    },
    "nan": {
      "version": "https://registry.npmjs.org/nan/-/nan-2.7.0.tgz",
      "integrity": "sha1-2Vv3IeyHfgjbJ27T/G63j5CDrUY="
    },
    "randombytes": {
      "version": "https://registry.npmjs.org/randombytes/-/randombytes-2.0.5.tgz",
      "integrity": "sha1-3ACaJGuNCaF3tLegrne8Vw9LG3k=",
      "requires": {
        "safe-buffer": "https://registry.npmjs.org/safe-buffer/-/safe-buffer-5.1.1.tgz"
      }
    },
    "safe-buffer": {
      "version": "https://registry.npmjs.org/safe-buffer/-/safe-buffer-5.1.1.tgz",
      "integrity": "sha1-iTMSr2myEj3vcfV4iQAWce6yyFM="
    },
    "sdp-transform": {
      "version": "https://registry.npmjs.org/sdp-transform/-/sdp-transform-2.3.0.tgz",
      "integrity": "sha1-V6lXWUIEHYV3qGnXx01MOgvYiPY="
    },
    "semantic-sdp": {
      "version": "https://registry.npmjs.org/semantic-sdp/-/semantic-sdp-2.3.1.tgz",
      "integrity": "sha1-puBBFZEFy6v5L4Qv2QGpKAMHwV8=",
      "requires": {
        "randombytes": "https://registry.npmjs.org/randombytes/-/randombytes-2.0.5.tgz",
        "sdp-transform": "https://registry.npmjs.org/sdp-transform/-/sdp-transform-2.3.0.tgz"
      }
    },
    "uuid": {
      "version": "https://registry.npmjs.org/uuid/-/uuid-3.1.0.tgz",
      "integrity": "sha1-PdPT55Crwk17DToDT/q6vijrvAQ="
    }
  }
}
